
Microsoft Visual Studio Solution File, Format Version 12.00
# Visual Studio Version 17
VisualStudioVersion = 17.3.32825.248
MinimumVisualStudioVersion = 10.0.40219.1
Project("{FAE04EC0-301F-11D3-BF4B-00C04F79EFBC}") = "Tree depth", "Tree depth\Tree depth.csproj", "{619BF0FA-58E7-4C34-9D12-25318C085A1B}"
EndProject
Global
	GlobalSection(SolutionConfigurationPlatforms) = preSolution
		Debug|Any CPU = Debug|Any CPU
		Release|Any CPU = Release|Any CPU
	EndGlobalSection
	GlobalSection(ProjectConfigurationPlatforms) = postSolution
		{619BF0FA-58E7-4C34-9D12-25318C085A1B}.Debug|Any CPU.ActiveCfg = Debug|Any CPU
		{619BF0FA-58E7-4C34-9D12-25318C085A1B}.Debug|Any CPU.Build.0 = Debug|Any CPU
		{619BF0FA-58E7-4C34-9D12-25318C085A1B}.Release|Any CPU.ActiveCfg = Release|Any CPU
		{619BF0FA-58E7-4C34-9D12-25318C085A1B}.Release|Any CPU.Build.0 = Release|Any CPU
	EndGlobalSection
	GlobalSection(SolutionProperties) = preSolution
		HideSolutionNode = FALSE
	EndGlobalSection
	GlobalSection(ExtensibilityGlobals) = postSolution
		SolutionGuid = {F5F6EE3B-E62C-4460-A138-C35AF42C2B4F}
	EndGlobalSection
EndGlobal
